
Microsoft Visual Studio Solution File, Format Version 12.00
# Visual Studio Version 17
VisualStudioVersion = 17.8.34309.116
MinimumVisualStudioVersion = 10.0.40219.1
Project("{FAE04EC0-301F-11D3-BF4B-00C04F79EFBC}") = "ChartMvc", "ChartMvc.csproj", "{2A0CED13-5C8C-4D70-A171-A68A0EF35E73}"
EndProject
Global
	GlobalSection(SolutionConfigurationPlatforms) = preSolution
		Debug|Any CPU = Debug|Any CPU
		Release|Any CPU = Release|Any CPU
	EndGlobalSection
	GlobalSection(ProjectConfigurationPlatforms) = postSolution
		{2A0CED13-5C8C-4D70-A171-A68A0EF35E73}.Debug|Any CPU.ActiveCfg = Debug|Any CPU
		{2A0CED13-5C8C-4D70-A171-A68A0EF35E73}.Debug|Any CPU.Build.0 = Debug|Any CPU
		{2A0CED13-5C8C-4D70-A171-A68A0EF35E73}.Release|Any CPU.ActiveCfg = Release|Any CPU
		{2A0CED13-5C8C-4D70-A171-A68A0EF35E73}.Release|Any CPU.Build.0 = Release|Any CPU
	EndGlobalSection
	GlobalSection(SolutionProperties) = preSolution
		HideSolutionNode = FALSE
	EndGlobalSection
	GlobalSection(ExtensibilityGlobals) = postSolution
		SolutionGuid = {23B408ED-A342-41DB-9269-08F6C3D4E551}
	EndGlobalSection
EndGlobal
