
Microsoft Visual Studio Solution File, Format Version 12.00
# Visual Studio Version 17
VisualStudioVersion = 17.8.34309.116
MinimumVisualStudioVersion = 10.0.40219.1
Project("{FAE04EC0-301F-11D3-BF4B-00C04F79EFBC}") = "MvcJson", "MvcJson.csproj", "{C33E9286-B18B-4532-B64A-D00BC271F28B}"
EndProject
Global
	GlobalSection(SolutionConfigurationPlatforms) = preSolution
		Debug|Any CPU = Debug|Any CPU
		Release|Any CPU = Release|Any CPU
	EndGlobalSection
	GlobalSection(ProjectConfigurationPlatforms) = postSolution
		{C33E9286-B18B-4532-B64A-D00BC271F28B}.Debug|Any CPU.ActiveCfg = Debug|Any CPU
		{C33E9286-B18B-4532-B64A-D00BC271F28B}.Debug|Any CPU.Build.0 = Debug|Any CPU
		{C33E9286-B18B-4532-B64A-D00BC271F28B}.Release|Any CPU.ActiveCfg = Release|Any CPU
		{C33E9286-B18B-4532-B64A-D00BC271F28B}.Release|Any CPU.Build.0 = Release|Any CPU
	EndGlobalSection
	GlobalSection(SolutionProperties) = preSolution
		HideSolutionNode = FALSE
	EndGlobalSection
	GlobalSection(ExtensibilityGlobals) = postSolution
		SolutionGuid = {9A826A49-1121-4ECD-B342-694E19DE8771}
	EndGlobalSection
EndGlobal
