
Microsoft Visual Studio Solution File, Format Version 12.00
# Visual Studio Version 17
VisualStudioVersion = 17.7.34221.43
MinimumVisualStudioVersion = 10.0.40219.1
Project("{FAE04EC0-301F-11D3-BF4B-00C04F79EFBC}") = "練習MVC", "練習MVC\練習MVC.csproj", "{AFBDDA18-92A5-4289-BA86-60C2AA191ED9}"
EndProject
Global
	GlobalSection(SolutionConfigurationPlatforms) = preSolution
		Debug|Any CPU = Debug|Any CPU
		Release|Any CPU = Release|Any CPU
	EndGlobalSection
	GlobalSection(ProjectConfigurationPlatforms) = postSolution
		{AFBDDA18-92A5-4289-BA86-60C2AA191ED9}.Debug|Any CPU.ActiveCfg = Debug|Any CPU
		{AFBDDA18-92A5-4289-BA86-60C2AA191ED9}.Debug|Any CPU.Build.0 = Debug|Any CPU
		{AFBDDA18-92A5-4289-BA86-60C2AA191ED9}.Release|Any CPU.ActiveCfg = Release|Any CPU
		{AFBDDA18-92A5-4289-BA86-60C2AA191ED9}.Release|Any CPU.Build.0 = Release|Any CPU
	EndGlobalSection
	GlobalSection(SolutionProperties) = preSolution
		HideSolutionNode = FALSE
	EndGlobalSection
	GlobalSection(ExtensibilityGlobals) = postSolution
		SolutionGuid = {E3FF4460-582E-4BCC-9C31-7130E28C2734}
	EndGlobalSection
EndGlobal
